
Microsoft Visual Studio Solution File, Format Version 12.00
# Visual Studio Version 17
VisualStudioVersion = 17.11.35017.193
MinimumVisualStudioVersion = 10.0.40219.1
Project("{FAE04EC0-301F-11D3-BF4B-00C04F79EFBC}") = "IniTranslator", "IniTranslator\IniTranslator.csproj", "{381C8DA1-21B2-443D-BEAA-68CCC47E0133}"
EndProject
Project("{54435603-DBB4-11D2-8724-00A0C9A8B90C}") = "IniTranslaterSetup", "IniTranslaterSetup\IniTranslaterSetup.vdproj", "{223B9718-D54A-4D06-93C9-7FF1144D79AA}"
EndProject
Project("{FAE04EC0-301F-11D3-BF4B-00C04F79EFBC}") = "ROBdk97.Unp4k", "ROBdk97.Unp4k\ROBdk97.Unp4k.csproj", "{F03E945A-7AD8-4124-966E-B7C89ED416EE}"
EndProject
Global
	GlobalSection(SolutionConfigurationPlatforms) = preSolution
		Debug|Any CPU = Debug|Any CPU
		Debug|x64 = Debug|x64
		Release|Any CPU = Release|Any CPU
		Release|x64 = Release|x64
	EndGlobalSection
	GlobalSection(ProjectConfigurationPlatforms) = postSolution
		{381C8DA1-21B2-443D-BEAA-68CCC47E0133}.Debug|Any CPU.ActiveCfg = Debug|Any CPU
		{381C8DA1-21B2-443D-BEAA-68CCC47E0133}.Debug|Any CPU.Build.0 = Debug|Any CPU
		{381C8DA1-21B2-443D-BEAA-68CCC47E0133}.Debug|x64.ActiveCfg = Debug|x64
		{381C8DA1-21B2-443D-BEAA-68CCC47E0133}.Debug|x64.Build.0 = Debug|x64
		{381C8DA1-21B2-443D-BEAA-68CCC47E0133}.Release|Any CPU.ActiveCfg = Release|Any CPU
		{381C8DA1-21B2-443D-BEAA-68CCC47E0133}.Release|Any CPU.Build.0 = Release|Any CPU
		{381C8DA1-21B2-443D-BEAA-68CCC47E0133}.Release|x64.ActiveCfg = Release|x64
		{381C8DA1-21B2-443D-BEAA-68CCC47E0133}.Release|x64.Build.0 = Release|x64
		{223B9718-D54A-4D06-93C9-7FF1144D79AA}.Debug|Any CPU.ActiveCfg = Debug|Any CPU
		{223B9718-D54A-4D06-93C9-7FF1144D79AA}.Debug|Any CPU.Build.0 = Debug|Any CPU
		{223B9718-D54A-4D06-93C9-7FF1144D79AA}.Debug|x64.ActiveCfg = Debug|x64
		{223B9718-D54A-4D06-93C9-7FF1144D79AA}.Debug|x64.Build.0 = Debug|x64
		{223B9718-D54A-4D06-93C9-7FF1144D79AA}.Release|Any CPU.ActiveCfg = Release|Any CPU
		{223B9718-D54A-4D06-93C9-7FF1144D79AA}.Release|Any CPU.Build.0 = Release|Any CPU
		{223B9718-D54A-4D06-93C9-7FF1144D79AA}.Release|x64.ActiveCfg = Release|x64
		{223B9718-D54A-4D06-93C9-7FF1144D79AA}.Release|x64.Build.0 = Release|x64
		{F03E945A-7AD8-4124-966E-B7C89ED416EE}.Debug|Any CPU.ActiveCfg = Debug|Any CPU
		{F03E945A-7AD8-4124-966E-B7C89ED416EE}.Debug|Any CPU.Build.0 = Debug|Any CPU
		{F03E945A-7AD8-4124-966E-B7C89ED416EE}.Debug|x64.ActiveCfg = Debug|x64
		{F03E945A-7AD8-4124-966E-B7C89ED416EE}.Debug|x64.Build.0 = Debug|x64
		{F03E945A-7AD8-4124-966E-B7C89ED416EE}.Release|Any CPU.ActiveCfg = Release|Any CPU
		{F03E945A-7AD8-4124-966E-B7C89ED416EE}.Release|Any CPU.Build.0 = Release|Any CPU
		{F03E945A-7AD8-4124-966E-B7C89ED416EE}.Release|x64.ActiveCfg = Release|x64
		{F03E945A-7AD8-4124-966E-B7C89ED416EE}.Release|x64.Build.0 = Release|x64
	EndGlobalSection
	GlobalSection(SolutionProperties) = preSolution
		HideSolutionNode = FALSE
	EndGlobalSection
	GlobalSection(ExtensibilityGlobals) = postSolution
		SolutionGuid = {CB9412C9-7EAA-426A-97F5-097123859899}
		RESX_NeutralResourcesLanguage = en-US
		RESX_PrefixTranslations = False
	EndGlobalSection
EndGlobal
